// !$*UTF8*$!
{
	archiveVersion = 1;
	classes = {
	};
	objectVersion = 50;
	objects = {

/* Begin PBXBuildFile section */
		1320058C228A45F50078F03C /* MapaViewModel.swift in Sources */ = {isa = PBXBuildFile; fileRef = 1320058B228A45F50078F03C /* MapaViewModel.swift */; };
		133B1FC2228CCADF00552553 /* Pizzarias.swift in Sources */ = {isa = PBXBuildFile; fileRef = 133B1FC1228CCADF00552553 /* Pizzarias.swift */; };
		137BC012228F877C00A7DD0D /* MenuSaboresPizzasViewController.swift in Sources */ = {isa = PBXBuildFile; fileRef = 137BC011228F877C00A7DD0D /* MenuSaboresPizzasViewController.swift */; };
		137BC014228F87C500A7DD0D /* SaboresTableViewController.swift in Sources */ = {isa = PBXBuildFile; fileRef = 137BC013228F87C500A7DD0D /* SaboresTableViewController.swift */; };
		13B50D8B2283A9D40004AE0C /* TelefonesEmpresaViewController.swift in Sources */ = {isa = PBXBuildFile; fileRef = 13B50D8A2283A9D40004AE0C /* TelefonesEmpresaViewController.swift */; };
		13D195AA227CF4D800E0B8F0 /* AppDelegate.swift in Sources */ = {isa = PBXBuildFile; fileRef = 13D195A9227CF4D800E0B8F0 /* AppDelegate.swift */; };
		13D195AC227CF4D800E0B8F0 /* ViewController.swift in Sources */ = {isa = PBXBuildFile; fileRef = 13D195AB227CF4D800E0B8F0 /* ViewController.swift */; };
		13D195AF227CF4D800E0B8F0 /* Main.storyboard in Resources */ = {isa = PBXBuildFile; fileRef = 13D195AD227CF4D800E0B8F0 /* Main.storyboard */; };
		13D195B2227CF4D800E0B8F0 /* IPizza.xcdatamodeld in Sources */ = {isa = PBXBuildFile; fileRef = 13D195B0227CF4D800E0B8F0 /* IPizza.xcdatamodeld */; };
		13D195B4227CF4DB00E0B8F0 /* Assets.xcassets in Resources */ = {isa = PBXBuildFile; fileRef = 13D195B3227CF4DB00E0B8F0 /* Assets.xcassets */; };
		13D195B7227CF4DB00E0B8F0 /* LaunchScreen.storyboard in Resources */ = {isa = PBXBuildFile; fileRef = 13D195B5227CF4DB00E0B8F0 /* LaunchScreen.storyboard */; };
		13D195D0227CF5EF00E0B8F0 /* MenuContaViewController.swift in Sources */ = {isa = PBXBuildFile; fileRef = 13D195C2227CF5EE00E0B8F0 /* MenuContaViewController.swift */; };
		13D195D1227CF5EF00E0B8F0 /* EnderecosTelefonesViewController.swift in Sources */ = {isa = PBXBuildFile; fileRef = 13D195C3227CF5EE00E0B8F0 /* EnderecosTelefonesViewController.swift */; };
		13D195D2227CF5EF00E0B8F0 /* CadastroViewController.swift in Sources */ = {isa = PBXBuildFile; fileRef = 13D195C4227CF5EE00E0B8F0 /* CadastroViewController.swift */; };
		13D195D4227CF5EF00E0B8F0 /* EnderecosTableViewController.swift in Sources */ = {isa = PBXBuildFile; fileRef = 13D195C6227CF5EE00E0B8F0 /* EnderecosTableViewController.swift */; };
		13D195D5227CF5EF00E0B8F0 /* TelefonesEmpresaTableViewController.swift in Sources */ = {isa = PBXBuildFile; fileRef = 13D195C7227CF5EE00E0B8F0 /* TelefonesEmpresaTableViewController.swift */; };
		13D195D6227CF5EF00E0B8F0 /* TelefonesTableViewController.swift in Sources */ = {isa = PBXBuildFile; fileRef = 13D195C8227CF5EF00E0B8F0 /* TelefonesTableViewController.swift */; };
		13D195D7227CF5EF00E0B8F0 /* TelaInicialViewController.swift in Sources */ = {isa = PBXBuildFile; fileRef = 13D195C9227CF5EF00E0B8F0 /* TelaInicialViewController.swift */; };
		13D195D8227CF5EF00E0B8F0 /* MenuBemVindoViewController.swift in Sources */ = {isa = PBXBuildFile; fileRef = 13D195CA227CF5EF00E0B8F0 /* MenuBemVindoViewController.swift */; };
		13D195D9227CF5EF00E0B8F0 /* LoginViewController.swift in Sources */ = {isa = PBXBuildFile; fileRef = 13D195CB227CF5EF00E0B8F0 /* LoginViewController.swift */; };
		13D195DA227CF5EF00E0B8F0 /* MenuMapaViewController.swift in Sources */ = {isa = PBXBuildFile; fileRef = 13D195CC227CF5EF00E0B8F0 /* MenuMapaViewController.swift */; };
		13D195DB227CF5EF00E0B8F0 /* ContaSideMenuTableViewController.swift in Sources */ = {isa = PBXBuildFile; fileRef = 13D195CD227CF5EF00E0B8F0 /* ContaSideMenuTableViewController.swift */; };
		13D195DC227CF5EF00E0B8F0 /* PizzariaViewController.swift in Sources */ = {isa = PBXBuildFile; fileRef = 13D195CE227CF5EF00E0B8F0 /* PizzariaViewController.swift */; };
		13D195DD227CF5EF00E0B8F0 /* MenuPizzariasTableViewController.swift in Sources */ = {isa = PBXBuildFile; fileRef = 13D195CF227CF5EF00E0B8F0 /* MenuPizzariasTableViewController.swift */; };
		13D195E1227CF5F900E0B8F0 /* MenuContaViewModel.swift in Sources */ = {isa = PBXBuildFile; fileRef = 13D195DE227CF5F900E0B8F0 /* MenuContaViewModel.swift */; };
		13D195E2227CF5F900E0B8F0 /* CadastroViewModel.swift in Sources */ = {isa = PBXBuildFile; fileRef = 13D195DF227CF5F900E0B8F0 /* CadastroViewModel.swift */; };
		13D195E3227CF5F900E0B8F0 /* LoginViewModel.swift in Sources */ = {isa = PBXBuildFile; fileRef = 13D195E0227CF5F900E0B8F0 /* LoginViewModel.swift */; };
		13D195E5227CF60D00E0B8F0 /* Usuarios.swift in Sources */ = {isa = PBXBuildFile; fileRef = 13D195E4227CF60D00E0B8F0 /* Usuarios.swift */; };
		13D195EB227CF63600E0B8F0 /* IPizza.png in Resources */ = {isa = PBXBuildFile; fileRef = 13D195E7227CF63500E0B8F0 /* IPizza.png */; };
		13D195EC227CF63600E0B8F0 /* 1024.png in Resources */ = {isa = PBXBuildFile; fileRef = 13D195E8227CF63600E0B8F0 /* 1024.png */; };
		13D195ED227CF63600E0B8F0 /* SetaDropDown.jpg in Resources */ = {isa = PBXBuildFile; fileRef = 13D195E9227CF63600E0B8F0 /* SetaDropDown.jpg */; };
		13D195EE227CF63600E0B8F0 /* user.png in Resources */ = {isa = PBXBuildFile; fileRef = 13D195EA227CF63600E0B8F0 /* user.png */; };
		13D195F0227CF6E100E0B8F0 /* GoogleService-Info.plist in Resources */ = {isa = PBXBuildFile; fileRef = 13D195EF227CF6E100E0B8F0 /* GoogleService-Info.plist */; };
		4D84037289319A1F78F23A49 /* Pods_IPizza.framework in Frameworks */ = {isa = PBXBuildFile; fileRef = F6CFF786D0BE5E814579B1EA /* Pods_IPizza.framework */; };
		966BEAFB22903FAC00FE56AE /* Sabor.swift in Sources */ = {isa = PBXBuildFile; fileRef = 966BEAFA22903FAC00FE56AE /* Sabor.swift */; };
		966BEAFD22905D3000FE56AE /* MenuSaboresPizzasViewModel.swift in Sources */ = {isa = PBXBuildFile; fileRef = 966BEAFC22905D3000FE56AE /* MenuSaboresPizzasViewModel.swift */; };
		966BEB01229086DA00FE56AE /* DetalhesSabor.swift in Sources */ = {isa = PBXBuildFile; fileRef = 966BEB00229086DA00FE56AE /* DetalhesSabor.swift */; };
		96AC923D228E1BA2006FF1CF /* TelaInicialViewModel.swift in Sources */ = {isa = PBXBuildFile; fileRef = 96AC923C228E1BA2006FF1CF /* TelaInicialViewModel.swift */; };
		96AC923F228E394E006FF1CF /* MapaViewController.swift in Sources */ = {isa = PBXBuildFile; fileRef = 96AC923E228E394E006FF1CF /* MapaViewController.swift */; };
/* End PBXBuildFile section */

/* Begin PBXFileReference section */
		0A31AB71BCBB90CA242E0284 /* Pods-IPizza.debug.xcconfig */ = {isa = PBXFileReference; includeInIndex = 1; lastKnownFileType = text.xcconfig; name = "Pods-IPizza.debug.xcconfig"; path = "Target Support Files/Pods-IPizza/Pods-IPizza.debug.xcconfig"; sourceTree = "<group>"; };
		1320058B228A45F50078F03C /* MapaViewModel.swift */ = {isa = PBXFileReference; lastKnownFileType = sourcecode.swift; path = MapaViewModel.swift; sourceTree = "<group>"; };
		133B1FC1228CCADF00552553 /* Pizzarias.swift */ = {isa = PBXFileReference; lastKnownFileType = sourcecode.swift; path = Pizzarias.swift; sourceTree = "<group>"; };
		137BC011228F877C00A7DD0D /* MenuSaboresPizzasViewController.swift */ = {isa = PBXFileReference; lastKnownFileType = sourcecode.swift; path = MenuSaboresPizzasViewController.swift; sourceTree = "<group>"; };
		137BC013228F87C500A7DD0D /* SaboresTableViewController.swift */ = {isa = PBXFileReference; lastKnownFileType = sourcecode.swift; path = SaboresTableViewController.swift; sourceTree = "<group>"; };
		13B50D8A2283A9D40004AE0C /* TelefonesEmpresaViewController.swift */ = {isa = PBXFileReference; lastKnownFileType = sourcecode.swift; path = TelefonesEmpresaViewController.swift; sourceTree = "<group>"; };
		13D195A6227CF4D800E0B8F0 /* IPizza.app */ = {isa = PBXFileReference; explicitFileType = wrapper.application; includeInIndex = 0; path = IPizza.app; sourceTree = BUILT_PRODUCTS_DIR; };
		13D195A9227CF4D800E0B8F0 /* AppDelegate.swift */ = {isa = PBXFileReference; lastKnownFileType = sourcecode.swift; path = AppDelegate.swift; sourceTree = "<group>"; };
		13D195AB227CF4D800E0B8F0 /* ViewController.swift */ = {isa = PBXFileReference; lastKnownFileType = sourcecode.swift; path = ViewController.swift; sourceTree = "<group>"; };
		13D195AE227CF4D800E0B8F0 /* Base */ = {isa = PBXFileReference; lastKnownFileType = file.storyboard; name = Base; path = Base.lproj/Main.storyboard; sourceTree = "<group>"; };
		13D195B1227CF4D800E0B8F0 /* IPizza.xcdatamodel */ = {isa = PBXFileReference; lastKnownFileType = wrapper.xcdatamodel; path = IPizza.xcdatamodel; sourceTree = "<group>"; };
		13D195B3227CF4DB00E0B8F0 /* Assets.xcassets */ = {isa = PBXFileReference; lastKnownFileType = folder.assetcatalog; path = Assets.xcassets; sourceTree = "<group>"; };
		13D195B6227CF4DB00E0B8F0 /* Base */ = {isa = PBXFileReference; lastKnownFileType = file.storyboard; name = Base; path = Base.lproj/LaunchScreen.storyboard; sourceTree = "<group>"; };
		13D195B8227CF4DB00E0B8F0 /* Info.plist */ = {isa = PBXFileReference; lastKnownFileType = text.plist.xml; path = Info.plist; sourceTree = "<group>"; };
		13D195C2227CF5EE00E0B8F0 /* MenuContaViewController.swift */ = {isa = PBXFileReference; fileEncoding = 4; lastKnownFileType = sourcecode.swift; path = MenuContaViewController.swift; sourceTree = "<group>"; };
		13D195C3227CF5EE00E0B8F0 /* EnderecosTelefonesViewController.swift */ = {isa = PBXFileReference; fileEncoding = 4; lastKnownFileType = sourcecode.swift; path = EnderecosTelefonesViewController.swift; sourceTree = "<group>"; };
		13D195C4227CF5EE00E0B8F0 /* CadastroViewController.swift */ = {isa = PBXFileReference; fileEncoding = 4; lastKnownFileType = sourcecode.swift; path = CadastroViewController.swift; sourceTree = "<group>"; };
		13D195C6227CF5EE00E0B8F0 /* EnderecosTableViewController.swift */ = {isa = PBXFileReference; fileEncoding = 4; lastKnownFileType = sourcecode.swift; path = EnderecosTableViewController.swift; sourceTree = "<group>"; };
		13D195C7227CF5EE00E0B8F0 /* TelefonesEmpresaTableViewController.swift */ = {isa = PBXFileReference; fileEncoding = 4; lastKnownFileType = sourcecode.swift; path = TelefonesEmpresaTableViewController.swift; sourceTree = "<group>"; };
		13D195C8227CF5EF00E0B8F0 /* TelefonesTableViewController.swift */ = {isa = PBXFileReference; fileEncoding = 4; lastKnownFileType = sourcecode.swift; path = TelefonesTableViewController.swift; sourceTree = "<group>"; };
		13D195C9227CF5EF00E0B8F0 /* TelaInicialViewController.swift */ = {isa = PBXFileReference; fileEncoding = 4; lastKnownFileType = sourcecode.swift; path = TelaInicialViewController.swift; sourceTree = "<group>"; };
		13D195CA227CF5EF00E0B8F0 /* MenuBemVindoViewController.swift */ = {isa = PBXFileReference; fileEncoding = 4; lastKnownFileType = sourcecode.swift; path = MenuBemVindoViewController.swift; sourceTree = "<group>"; };
		13D195CB227CF5EF00E0B8F0 /* LoginViewController.swift */ = {isa = PBXFileReference; fileEncoding = 4; lastKnownFileType = sourcecode.swift; path = LoginViewController.swift; sourceTree = "<group>"; };
		13D195CC227CF5EF00E0B8F0 /* MenuMapaViewController.swift */ = {isa = PBXFileReference; fileEncoding = 4; lastKnownFileType = sourcecode.swift; path = MenuMapaViewController.swift; sourceTree = "<group>"; };
		13D195CD227CF5EF00E0B8F0 /* ContaSideMenuTableViewController.swift */ = {isa = PBXFileReference; fileEncoding = 4; lastKnownFileType = sourcecode.swift; path = ContaSideMenuTableViewController.swift; sourceTree = "<group>"; };
		13D195CE227CF5EF00E0B8F0 /* PizzariaViewController.swift */ = {isa = PBXFileReference; fileEncoding = 4; lastKnownFileType = sourcecode.swift; path = PizzariaViewController.swift; sourceTree = "<group>"; };
		13D195CF227CF5EF00E0B8F0 /* MenuPizzariasTableViewController.swift */ = {isa = PBXFileReference; fileEncoding = 4; lastKnownFileType = sourcecode.swift; path = MenuPizzariasTableViewController.swift; sourceTree = "<group>"; };
		13D195DE227CF5F900E0B8F0 /* MenuContaViewModel.swift */ = {isa = PBXFileReference; fileEncoding = 4; lastKnownFileType = sourcecode.swift; path = MenuContaViewModel.swift; sourceTree = "<group>"; };
		13D195DF227CF5F900E0B8F0 /* CadastroViewModel.swift */ = {isa = PBXFileReference; fileEncoding = 4; lastKnownFileType = sourcecode.swift; path = CadastroViewModel.swift; sourceTree = "<group>"; };
		13D195E0227CF5F900E0B8F0 /* LoginViewModel.swift */ = {isa = PBXFileReference; fileEncoding = 4; lastKnownFileType = sourcecode.swift; path = LoginViewModel.swift; sourceTree = "<group>"; };
		13D195E4227CF60D00E0B8F0 /* Usuarios.swift */ = {isa = PBXFileReference; fileEncoding = 4; lastKnownFileType = sourcecode.swift; path = Usuarios.swift; sourceTree = "<group>"; };
		13D195E7227CF63500E0B8F0 /* IPizza.png */ = {isa = PBXFileReference; lastKnownFileType = image.png; path = IPizza.png; sourceTree = "<group>"; };
		13D195E8227CF63600E0B8F0 /* 1024.png */ = {isa = PBXFileReference; lastKnownFileType = image.png; path = 1024.png; sourceTree = "<group>"; };
		13D195E9227CF63600E0B8F0 /* SetaDropDown.jpg */ = {isa = PBXFileReference; lastKnownFileType = image.jpeg; path = SetaDropDown.jpg; sourceTree = "<group>"; };
		13D195EA227CF63600E0B8F0 /* user.png */ = {isa = PBXFileReference; lastKnownFileType = image.png; path = user.png; sourceTree = "<group>"; };
		13D195EF227CF6E100E0B8F0 /* GoogleService-Info.plist */ = {isa = PBXFileReference; fileEncoding = 4; lastKnownFileType = text.plist.xml; path = "GoogleService-Info.plist"; sourceTree = "<group>"; };
		5DAEDADB0DB02431F9C8D2C9 /* Pods-IPizza.release.xcconfig */ = {isa = PBXFileReference; includeInIndex = 1; lastKnownFileType = text.xcconfig; name = "Pods-IPizza.release.xcconfig"; path = "Target Support Files/Pods-IPizza/Pods-IPizza.release.xcconfig"; sourceTree = "<group>"; };
		966BEAFA22903FAC00FE56AE /* Sabor.swift */ = {isa = PBXFileReference; lastKnownFileType = sourcecode.swift; path = Sabor.swift; sourceTree = "<group>"; };
		966BEAFC22905D3000FE56AE /* MenuSaboresPizzasViewModel.swift */ = {isa = PBXFileReference; lastKnownFileType = sourcecode.swift; path = MenuSaboresPizzasViewModel.swift; sourceTree = "<group>"; };
		966BEB00229086DA00FE56AE /* DetalhesSabor.swift */ = {isa = PBXFileReference; fileEncoding = 4; lastKnownFileType = sourcecode.swift; path = DetalhesSabor.swift; sourceTree = "<group>"; };
		96AC923C228E1BA2006FF1CF /* TelaInicialViewModel.swift */ = {isa = PBXFileReference; lastKnownFileType = sourcecode.swift; path = TelaInicialViewModel.swift; sourceTree = "<group>"; };
		96AC923E228E394E006FF1CF /* MapaViewController.swift */ = {isa = PBXFileReference; lastKnownFileType = sourcecode.swift; path = MapaViewController.swift; sourceTree = "<group>"; };
		F6CFF786D0BE5E814579B1EA /* Pods_IPizza.framework */ = {isa = PBXFileReference; explicitFileType = wrapper.framework; includeInIndex = 0; path = Pods_IPizza.framework; sourceTree = BUILT_PRODUCTS_DIR; };
/* End PBXFileReference section */

/* Begin PBXFrameworksBuildPhase section */
		13D195A3227CF4D800E0B8F0 /* Frameworks */ = {
			isa = PBXFrameworksBuildPhase;
			buildActionMask = 2147483647;
			files = (
				4D84037289319A1F78F23A49 /* Pods_IPizza.framework in Frameworks */,
			);
			runOnlyForDeploymentPostprocessing = 0;
		};
/* End PBXFrameworksBuildPhase section */

/* Begin PBXGroup section */
		13D1959D227CF4D800E0B8F0 = {
			isa = PBXGroup;
			children = (
				13D195A8227CF4D800E0B8F0 /* IPizza */,
				13D195A7227CF4D800E0B8F0 /* Products */,
				F10B7FFE5AE5F714D98B8AA5 /* Pods */,
				62EC745B952778E19D62BF05 /* Frameworks */,
			);
			sourceTree = "<group>";
		};
		13D195A7227CF4D800E0B8F0 /* Products */ = {
			isa = PBXGroup;
			children = (
				13D195A6227CF4D800E0B8F0 /* IPizza.app */,
			);
			name = Products;
			sourceTree = "<group>";
		};
		13D195A8227CF4D800E0B8F0 /* IPizza */ = {
			isa = PBXGroup;
			children = (
				13D195E6227CF62400E0B8F0 /* Image */,
				13D195C1227CF5A400E0B8F0 /* Model */,
				13D195C0227CF59D00E0B8F0 /* ViewModel */,
				13D195BF227CF59600E0B8F0 /* Controller */,
				13D195BE227CF58B00E0B8F0 /* View */,
				13D195B8227CF4DB00E0B8F0 /* Info.plist */,
				13D195B0227CF4D800E0B8F0 /* IPizza.xcdatamodeld */,
				13D195EF227CF6E100E0B8F0 /* GoogleService-Info.plist */,
			);
			path = IPizza;
			sourceTree = "<group>";
		};
		13D195BE227CF58B00E0B8F0 /* View */ = {
			isa = PBXGroup;
			children = (
				13D195AD227CF4D800E0B8F0 /* Main.storyboard */,
				13D195B3227CF4DB00E0B8F0 /* Assets.xcassets */,
				13D195B5227CF4DB00E0B8F0 /* LaunchScreen.storyboard */,
			);
			path = View;
			sourceTree = "<group>";
		};
		13D195BF227CF59600E0B8F0 /* Controller */ = {
			isa = PBXGroup;
			children = (
				13D195A9227CF4D800E0B8F0 /* AppDelegate.swift */,
				13D195AB227CF4D800E0B8F0 /* ViewController.swift */,
				13D195C9227CF5EF00E0B8F0 /* TelaInicialViewController.swift */,
				13D195CA227CF5EF00E0B8F0 /* MenuBemVindoViewController.swift */,
				13D195CF227CF5EF00E0B8F0 /* MenuPizzariasTableViewController.swift */,
				13D195CC227CF5EF00E0B8F0 /* MenuMapaViewController.swift */,
				13D195C2227CF5EE00E0B8F0 /* MenuContaViewController.swift */,
				13D195CB227CF5EF00E0B8F0 /* LoginViewController.swift */,
				13D195C4227CF5EE00E0B8F0 /* CadastroViewController.swift */,
				96AC923E228E394E006FF1CF /* MapaViewController.swift */,
				137BC011228F877C00A7DD0D /* MenuSaboresPizzasViewController.swift */,
				137BC013228F87C500A7DD0D /* SaboresTableViewController.swift */,
				13D195CD227CF5EF00E0B8F0 /* ContaSideMenuTableViewController.swift */,
				13D195CE227CF5EF00E0B8F0 /* PizzariaViewController.swift */,
				13D195C6227CF5EE00E0B8F0 /* EnderecosTableViewController.swift */,
				13D195C3227CF5EE00E0B8F0 /* EnderecosTelefonesViewController.swift */,
				13D195C7227CF5EE00E0B8F0 /* TelefonesEmpresaTableViewController.swift */,
				13D195C8227CF5EF00E0B8F0 /* TelefonesTableViewController.swift */,
				13B50D8A2283A9D40004AE0C /* TelefonesEmpresaViewController.swift */,
			);
			path = Controller;
			sourceTree = "<group>";
		};
		13D195C0227CF59D00E0B8F0 /* ViewModel */ = {
			isa = PBXGroup;
			children = (
				96AC923C228E1BA2006FF1CF /* TelaInicialViewModel.swift */,
				13D195E0227CF5F900E0B8F0 /* LoginViewModel.swift */,
				13D195DF227CF5F900E0B8F0 /* CadastroViewModel.swift */,
				13D195DE227CF5F900E0B8F0 /* MenuContaViewModel.swift */,
				1320058B228A45F50078F03C /* MapaViewModel.swift */,
				966BEAFC22905D3000FE56AE /* MenuSaboresPizzasViewModel.swift */,
			);
			path = ViewModel;
			sourceTree = "<group>";
		};
		13D195C1227CF5A400E0B8F0 /* Model */ = {
			isa = PBXGroup;
			children = (
				13D195E4227CF60D00E0B8F0 /* Usuarios.swift */,
				133B1FC1228CCADF00552553 /* Pizzarias.swift */,
				966BEAFA22903FAC00FE56AE /* Sabor.swift */,
				966BEB00229086DA00FE56AE /* DetalhesSabor.swift */,
			);
			path = Model;
			sourceTree = "<group>";
		};
		13D195E6227CF62400E0B8F0 /* Image */ = {
			isa = PBXGroup;
			children = (
				13D195E8227CF63600E0B8F0 /* 1024.png */,
				13D195E7227CF63500E0B8F0 /* IPizza.png */,
				13D195E9227CF63600E0B8F0 /* SetaDropDown.jpg */,
				13D195EA227CF63600E0B8F0 /* user.png */,
			);
			path = Image;
			sourceTree = "<group>";
		};
		62EC745B952778E19D62BF05 /* Frameworks */ = {
			isa = PBXGroup;
			children = (
				F6CFF786D0BE5E814579B1EA /* Pods_IPizza.framework */,
			);
			name = Frameworks;
			sourceTree = "<group>";
		};
		F10B7FFE5AE5F714D98B8AA5 /* Pods */ = {
			isa = PBXGroup;
			children = (
				0A31AB71BCBB90CA242E0284 /* Pods-IPizza.debug.xcconfig */,
				5DAEDADB0DB02431F9C8D2C9 /* Pods-IPizza.release.xcconfig */,
			);
			path = Pods;
			sourceTree = "<group>";
		};
/* End PBXGroup section */

/* Begin PBXNativeTarget section */
		13D195A5227CF4D800E0B8F0 /* IPizza */ = {
			isa = PBXNativeTarget;
			buildConfigurationList = 13D195BB227CF4DB00E0B8F0 /* Build configuration list for PBXNativeTarget "IPizza" */;
			buildPhases = (
				55A6380B88B701288C2FF5A4 /* [CP] Check Pods Manifest.lock */,
				13D195A2227CF4D800E0B8F0 /* Sources */,
				13D195A3227CF4D800E0B8F0 /* Frameworks */,
				13D195A4227CF4D800E0B8F0 /* Resources */,
				76B4EA08FF8924D9FAFF8F6C /* [CP] Embed Pods Frameworks */,
			);
			buildRules = (
			);
			dependencies = (
			);
			name = IPizza;
			productName = IPizza;
			productReference = 13D195A6227CF4D800E0B8F0 /* IPizza.app */;
			productType = "com.apple.product-type.application";
		};
/* End PBXNativeTarget section */

/* Begin PBXProject section */
		13D1959E227CF4D800E0B8F0 /* Project object */ = {
			isa = PBXProject;
			attributes = {
				LastSwiftUpdateCheck = 1010;
				LastUpgradeCheck = 1010;
				ORGANIZATIONNAME = PUCPR;
				TargetAttributes = {
					13D195A5227CF4D800E0B8F0 = {
						CreatedOnToolsVersion = 10.1;
					};
				};
			};
			buildConfigurationList = 13D195A1227CF4D800E0B8F0 /* Build configuration list for PBXProject "IPizza" */;
			compatibilityVersion = "Xcode 9.3";
			developmentRegion = en;
			hasScannedForEncodings = 0;
			knownRegions = (
				en,
				Base,
			);
			mainGroup = 13D1959D227CF4D800E0B8F0;
			productRefGroup = 13D195A7227CF4D800E0B8F0 /* Products */;
			projectDirPath = "";
			projectRoot = "";
			targets = (
				13D195A5227CF4D800E0B8F0 /* IPizza */,
			);
		};
/* End PBXProject section */

/* Begin PBXResourcesBuildPhase section */
		13D195A4227CF4D800E0B8F0 /* Resources */ = {
			isa = PBXResourcesBuildPhase;
			buildActionMask = 2147483647;
			files = (
				13D195EB227CF63600E0B8F0 /* IPizza.png in Resources */,
				13D195F0227CF6E100E0B8F0 /* GoogleService-Info.plist in Resources */,
				13D195B7227CF4DB00E0B8F0 /* LaunchScreen.storyboard in Resources */,
				13D195EC227CF63600E0B8F0 /* 1024.png in Resources */,
				13D195ED227CF63600E0B8F0 /* SetaDropDown.jpg in Resources */,
				13D195EE227CF63600E0B8F0 /* user.png in Resources */,
				13D195B4227CF4DB00E0B8F0 /* Assets.xcassets in Resources */,
				13D195AF227CF4D800E0B8F0 /* Main.storyboard in Resources */,
			);
			runOnlyForDeploymentPostprocessing = 0;
		};
/* End PBXResourcesBuildPhase section */

/* Begin PBXShellScriptBuildPhase section */
		55A6380B88B701288C2FF5A4 /* [CP] Check Pods Manifest.lock */ = {
			isa = PBXShellScriptBuildPhase;
			buildActionMask = 2147483647;
			files = (
			);
			inputFileListPaths = (
			);
			inputPaths = (
				"${PODS_PODFILE_DIR_PATH}/Podfile.lock",
				"${PODS_ROOT}/Manifest.lock",
			);
			name = "[CP] Check Pods Manifest.lock";
			outputFileListPaths = (
			);
			outputPaths = (
				"$(DERIVED_FILE_DIR)/Pods-IPizza-checkManifestLockResult.txt",
			);
			runOnlyForDeploymentPostprocessing = 0;
			shellPath = /bin/sh;
			shellScript = "diff \"${PODS_PODFILE_DIR_PATH}/Podfile.lock\" \"${PODS_ROOT}/Manifest.lock\" > /dev/null\nif [ $? != 0 ] ; then\n    # print error to STDERR\n    echo \"error: The sandbox is not in sync with the Podfile.lock. Run 'pod install' or update your CocoaPods installation.\" >&2\n    exit 1\nfi\n# This output is used by Xcode 'outputs' to avoid re-running this script phase.\necho \"SUCCESS\" > \"${SCRIPT_OUTPUT_FILE_0}\"\n";
			showEnvVarsInLog = 0;
		};
		76B4EA08FF8924D9FAFF8F6C /* [CP] Embed Pods Frameworks */ = {
			isa = PBXShellScriptBuildPhase;
			buildActionMask = 2147483647;
			files = (
			);
			inputFileListPaths = (
			);
			inputPaths = (
				"${PODS_ROOT}/Target Support Files/Pods-IPizza/Pods-IPizza-frameworks.sh",
				"${BUILT_PRODUCTS_DIR}/Alamofire/Alamofire.framework",
				"${BUILT_PRODUCTS_DIR}/GTMSessionFetcher/GTMSessionFetcher.framework",
				"${BUILT_PRODUCTS_DIR}/GoogleUtilities/GoogleUtilities.framework",
				"${BUILT_PRODUCTS_DIR}/JMMaskTextField-Swift/JMMaskTextField_Swift.framework",
				"${BUILT_PRODUCTS_DIR}/SideMenu/SideMenu.framework",
				"${BUILT_PRODUCTS_DIR}/SwiftyJSON/SwiftyJSON.framework",
				"${BUILT_PRODUCTS_DIR}/leveldb-library/leveldb.framework",
				"${BUILT_PRODUCTS_DIR}/nanopb/nanopb.framework",
			);
			name = "[CP] Embed Pods Frameworks";
			outputFileListPaths = (
			);
			outputPaths = (
				"${TARGET_BUILD_DIR}/${FRAMEWORKS_FOLDER_PATH}/Alamofire.framework",
				"${TARGET_BUILD_DIR}/${FRAMEWORKS_FOLDER_PATH}/GTMSessionFetcher.framework",
				"${TARGET_BUILD_DIR}/${FRAMEWORKS_FOLDER_PATH}/GoogleUtilities.framework",
				"${TARGET_BUILD_DIR}/${FRAMEWORKS_FOLDER_PATH}/JMMaskTextField_Swift.framework",
				"${TARGET_BUILD_DIR}/${FRAMEWORKS_FOLDER_PATH}/SideMenu.framework",
				"${TARGET_BUILD_DIR}/${FRAMEWORKS_FOLDER_PATH}/SwiftyJSON.framework",
				"${TARGET_BUILD_DIR}/${FRAMEWORKS_FOLDER_PATH}/leveldb.framework",
				"${TARGET_BUILD_DIR}/${FRAMEWORKS_FOLDER_PATH}/nanopb.framework",
			);
			runOnlyForDeploymentPostprocessing = 0;
			shellPath = /bin/sh;
			shellScript = "\"${PODS_ROOT}/Target Support Files/Pods-IPizza/Pods-IPizza-frameworks.sh\"\n";
			showEnvVarsInLog = 0;
		};
/* End PBXShellScriptBuildPhase section */

/* Begin PBXSourcesBuildPhase section */
		13D195A2227CF4D800E0B8F0 /* Sources */ = {
			isa = PBXSourcesBuildPhase;
			buildActionMask = 2147483647;
			files = (
				13D195DC227CF5EF00E0B8F0 /* PizzariaViewController.swift in Sources */,
				13D195E5227CF60D00E0B8F0 /* Usuarios.swift in Sources */,
				96AC923F228E394E006FF1CF /* MapaViewController.swift in Sources */,
				13D195B2227CF4D800E0B8F0 /* IPizza.xcdatamodeld in Sources */,
				13D195D2227CF5EF00E0B8F0 /* CadastroViewController.swift in Sources */,
				137BC014228F87C500A7DD0D /* SaboresTableViewController.swift in Sources */,
				966BEB01229086DA00FE56AE /* DetalhesSabor.swift in Sources */,
				13D195E2227CF5F900E0B8F0 /* CadastroViewModel.swift in Sources */,
				133B1FC2228CCADF00552553 /* Pizzarias.swift in Sources */,
				13D195E1227CF5F900E0B8F0 /* MenuContaViewModel.swift in Sources */,
				13D195D0227CF5EF00E0B8F0 /* MenuContaViewController.swift in Sources */,
				96AC923D228E1BA2006FF1CF /* TelaInicialViewModel.swift in Sources */,
				13D195DD227CF5EF00E0B8F0 /* MenuPizzariasTableViewController.swift in Sources */,
				13D195E3227CF5F900E0B8F0 /* LoginViewModel.swift in Sources */,
				966BEAFB22903FAC00FE56AE /* Sabor.swift in Sources */,
				13D195D7227CF5EF00E0B8F0 /* TelaInicialViewController.swift in Sources */,
				137BC012228F877C00A7DD0D /* MenuSaboresPizzasViewController.swift in Sources */,
				13D195D4227CF5EF00E0B8F0 /* EnderecosTableViewController.swift in Sources */,
				13D195D8227CF5EF00E0B8F0 /* MenuBemVindoViewController.swift in Sources */,
				13D195D6227CF5EF00E0B8F0 /* TelefonesTableViewController.swift in Sources */,
				13D195D5227CF5EF00E0B8F0 /* TelefonesEmpresaTableViewController.swift in Sources */,
				13D195AC227CF4D800E0B8F0 /* ViewController.swift in Sources */,
				966BEAFD22905D3000FE56AE /* MenuSaboresPizzasViewModel.swift in Sources */,
				13D195AA227CF4D800E0B8F0 /* AppDelegate.swift in Sources */,
				13D195DA227CF5EF00E0B8F0 /* MenuMapaViewController.swift in Sources */,
				13D195D9227CF5EF00E0B8F0 /* LoginViewController.swift in Sources */,
				13B50D8B2283A9D40004AE0C /* TelefonesEmpresaViewController.swift in Sources */,
				13D195D1227CF5EF00E0B8F0 /* EnderecosTelefonesViewController.swift in Sources */,
				13D195DB227CF5EF00E0B8F0 /* ContaSideMenuTableViewController.swift in Sources */,
				1320058C228A45F50078F03C /* MapaViewModel.swift in Sources */,
			);
			runOnlyForDeploymentPostprocessing = 0;
		};
/* End PBXSourcesBuildPhase section */

/* Begin PBXVariantGroup section */
		13D195AD227CF4D800E0B8F0 /* Main.storyboard */ = {
			isa = PBXVariantGroup;
			children = (
				13D195AE227CF4D800E0B8F0 /* Base */,
			);
			name = Main.storyboard;
			sourceTree = "<group>";
		};
		13D195B5227CF4DB00E0B8F0 /* LaunchScreen.storyboard */ = {
			isa = PBXVariantGroup;
			children = (
				13D195B6227CF4DB00E0B8F0 /* Base */,
			);
			name = LaunchScreen.storyboard;
			sourceTree = "<group>";
		};
/* End PBXVariantGroup section */

/* Begin XCBuildConfiguration section */
		13D195B9227CF4DB00E0B8F0 /* Debug */ = {
			isa = XCBuildConfiguration;
			buildSettings = {
				ALWAYS_SEARCH_USER_PATHS = NO;
				CLANG_ANALYZER_NONNULL = YES;
				CLANG_ANALYZER_NUMBER_OBJECT_CONVERSION = YES_AGGRESSIVE;
				CLANG_CXX_LANGUAGE_STANDARD = "gnu++14";
				CLANG_CXX_LIBRARY = "libc++";
				CLANG_ENABLE_MODULES = YES;
				CLANG_ENABLE_OBJC_ARC = YES;
				CLANG_ENABLE_OBJC_WEAK = YES;
				CLANG_WARN_BLOCK_CAPTURE_AUTORELEASING = YES;
				CLANG_WARN_BOOL_CONVERSION = YES;
				CLANG_WARN_COMMA = YES;
				CLANG_WARN_CONSTANT_CONVERSION = YES;
				CLANG_WARN_DEPRECATED_OBJC_IMPLEMENTATIONS = YES;
				CLANG_WARN_DIRECT_OBJC_ISA_USAGE = YES_ERROR;
				CLANG_WARN_DOCUMENTATION_COMMENTS = YES;
				CLANG_WARN_EMPTY_BODY = YES;
				CLANG_WARN_ENUM_CONVERSION = YES;
				CLANG_WARN_INFINITE_RECURSION = YES;
				CLANG_WARN_INT_CONVERSION = YES;
				CLANG_WARN_NON_LITERAL_NULL_CONVERSION = YES;
				CLANG_WARN_OBJC_IMPLICIT_RETAIN_SELF = YES;
				CLANG_WARN_OBJC_LITERAL_CONVERSION = YES;
				CLANG_WARN_OBJC_ROOT_CLASS = YES_ERROR;
				CLANG_WARN_RANGE_LOOP_ANALYSIS = YES;
				CLANG_WARN_STRICT_PROTOTYPES = YES;
				CLANG_WARN_SUSPICIOUS_MOVE = YES;
				CLANG_WARN_UNGUARDED_AVAILABILITY = YES_AGGRESSIVE;
				CLANG_WARN_UNREACHABLE_CODE = YES;
				CLANG_WARN__DUPLICATE_METHOD_MATCH = YES;
				CODE_SIGN_IDENTITY = "iPhone Developer";
				COPY_PHASE_STRIP = NO;
				DEBUG_INFORMATION_FORMAT = dwarf;
				ENABLE_STRICT_OBJC_MSGSEND = YES;
				ENABLE_TESTABILITY = YES;
				GCC_C_LANGUAGE_STANDARD = gnu11;
				GCC_DYNAMIC_NO_PIC = NO;
				GCC_NO_COMMON_BLOCKS = YES;
				GCC_OPTIMIZATION_LEVEL = 0;
				GCC_PREPROCESSOR_DEFINITIONS = (
					"DEBUG=1",
					"$(inherited)",
				);
				GCC_WARN_64_TO_32_BIT_CONVERSION = YES;
				GCC_WARN_ABOUT_RETURN_TYPE = YES_ERROR;
				GCC_WARN_UNDECLARED_SELECTOR = YES;
				GCC_WARN_UNINITIALIZED_AUTOS = YES_AGGRESSIVE;
				GCC_WARN_UNUSED_FUNCTION = YES;
				GCC_WARN_UNUSED_VARIABLE = YES;
				IPHONEOS_DEPLOYMENT_TARGET = 12.1;
				MTL_ENABLE_DEBUG_INFO = INCLUDE_SOURCE;
				MTL_FAST_MATH = YES;
				ONLY_ACTIVE_ARCH = YES;
				SDKROOT = iphoneos;
				SWIFT_ACTIVE_COMPILATION_CONDITIONS = DEBUG;
				SWIFT_OPTIMIZATION_LEVEL = "-Onone";
			};
			name = Debug;
		};
		13D195BA227CF4DB00E0B8F0 /* Release */ = {
			isa = XCBuildConfiguration;
			buildSettings = {
				ALWAYS_SEARCH_USER_PATHS = NO;
				CLANG_ANALYZER_NONNULL = YES;
				CLANG_ANALYZER_NUMBER_OBJECT_CONVERSION = YES_AGGRESSIVE;
				CLANG_CXX_LANGUAGE_STANDARD = "gnu++14";
				CLANG_CXX_LIBRARY = "libc++";
				CLANG_ENABLE_MODULES = YES;
				CLANG_ENABLE_OBJC_ARC = YES;
				CLANG_ENABLE_OBJC_WEAK = YES;
				CLANG_WARN_BLOCK_CAPTURE_AUTORELEASING = YES;
				CLANG_WARN_BOOL_CONVERSION = YES;
				CLANG_WARN_COMMA = YES;
				CLANG_WARN_CONSTANT_CONVERSION = YES;
				CLANG_WARN_DEPRECATED_OBJC_IMPLEMENTATIONS = YES;
				CLANG_WARN_DIRECT_OBJC_ISA_USAGE = YES_ERROR;
				CLANG_WARN_DOCUMENTATION_COMMENTS = YES;
				CLANG_WARN_EMPTY_BODY = YES;
				CLANG_WARN_ENUM_CONVERSION = YES;
				CLANG_WARN_INFINITE_RECURSION = YES;
				CLANG_WARN_INT_CONVERSION = YES;
				CLANG_WARN_NON_LITERAL_NULL_CONVERSION = YES;
				CLANG_WARN_OBJC_IMPLICIT_RETAIN_SELF = YES;
				CLANG_WARN_OBJC_LITERAL_CONVERSION = YES;
				CLANG_WARN_OBJC_ROOT_CLASS = YES_ERROR;
				CLANG_WARN_RANGE_LOOP_ANALYSIS = YES;
				CLANG_WARN_STRICT_PROTOTYPES = YES;
				CLANG_WARN_SUSPICIOUS_MOVE = YES;
				CLANG_WARN_UNGUARDED_AVAILABILITY = YES_AGGRESSIVE;
				CLANG_WARN_UNREACHABLE_CODE = YES;
				CLANG_WARN__DUPLICATE_METHOD_MATCH = YES;
				CODE_SIGN_IDENTITY = "iPhone Developer";
				COPY_PHASE_STRIP = NO;
				DEBUG_INFORMATION_FORMAT = "dwarf-with-dsym";
				ENABLE_NS_ASSERTIONS = NO;
				ENABLE_STRICT_OBJC_MSGSEND = YES;
				GCC_C_LANGUAGE_STANDARD = gnu11;
				GCC_NO_COMMON_BLOCKS = YES;
				GCC_WARN_64_TO_32_BIT_CONVERSION = YES;
				GCC_WARN_ABOUT_RETURN_TYPE = YES_ERROR;
				GCC_WARN_UNDECLARED_SELECTOR = YES;
				GCC_WARN_UNINITIALIZED_AUTOS = YES_AGGRESSIVE;
				GCC_WARN_UNUSED_FUNCTION = YES;
				GCC_WARN_UNUSED_VARIABLE = YES;
				IPHONEOS_DEPLOYMENT_TARGET = 12.1;
				MTL_ENABLE_DEBUG_INFO = NO;
				MTL_FAST_MATH = YES;
				SDKROOT = iphoneos;
				SWIFT_COMPILATION_MODE = wholemodule;
				SWIFT_OPTIMIZATION_LEVEL = "-O";
				VALIDATE_PRODUCT = YES;
			};
			name = Release;
		};
		13D195BC227CF4DB00E0B8F0 /* Debug */ = {
			isa = XCBuildConfiguration;
			baseConfigurationReference = 0A31AB71BCBB90CA242E0284 /* Pods-IPizza.debug.xcconfig */;
			buildSettings = {
				ASSETCATALOG_COMPILER_APPICON_NAME = AppIcon;
				CODE_SIGN_STYLE = Automatic;
				INFOPLIST_FILE = IPizza/Info.plist;
				LD_RUNPATH_SEARCH_PATHS = (
					"$(inherited)",
					"@executable_path/Frameworks",
				);
				PRODUCT_BUNDLE_IDENTIFIER = br.pucpr.IPizza;
				PRODUCT_NAME = "$(TARGET_NAME)";
				SWIFT_VERSION = 4.2;
				TARGETED_DEVICE_FAMILY = "1,2";
			};
			name = Debug;
		};
		13D195BD227CF4DB00E0B8F0 /* Release */ = {
			isa = XCBuildConfiguration;
			baseConfigurationReference = 5DAEDADB0DB02431F9C8D2C9 /* Pods-IPizza.release.xcconfig */;
			buildSettings = {
				ASSETCATALOG_COMPILER_APPICON_NAME = AppIcon;
				CODE_SIGN_STYLE = Automatic;
				INFOPLIST_FILE = IPizza/Info.plist;
				LD_RUNPATH_SEARCH_PATHS = (
					"$(inherited)",
					"@executable_path/Frameworks",
				);
				PRODUCT_BUNDLE_IDENTIFIER = br.pucpr.IPizza;
				PRODUCT_NAME = "$(TARGET_NAME)";
				SWIFT_VERSION = 4.2;
				TARGETED_DEVICE_FAMILY = "1,2";
			};
			name = Release;
		};
/* End XCBuildConfiguration section */

/* Begin XCConfigurationList section */
		13D195A1227CF4D800E0B8F0 /* Build configuration list for PBXProject "IPizza" */ = {
			isa = XCConfigurationList;
			buildConfigurations = (
				13D195B9227CF4DB00E0B8F0 /* Debug */,
				13D195BA227CF4DB00E0B8F0 /* Release */,
			);
			defaultConfigurationIsVisible = 0;
			defaultConfigurationName = Release;
		};
		13D195BB227CF4DB00E0B8F0 /* Build configuration list for PBXNativeTarget "IPizza" */ = {
			isa = XCConfigurationList;
			buildConfigurations = (
				13D195BC227CF4DB00E0B8F0 /* Debug */,
				13D195BD227CF4DB00E0B8F0 /* Release */,
			);
			defaultConfigurationIsVisible = 0;
			defaultConfigurationName = Release;
		};
/* End XCConfigurationList section */

/* Begin XCVersionGroup section */
		13D195B0227CF4D800E0B8F0 /* IPizza.xcdatamodeld */ = {
			isa = XCVersionGroup;
			children = (
				13D195B1227CF4D800E0B8F0 /* IPizza.xcdatamodel */,
			);
			currentVersion = 13D195B1227CF4D800E0B8F0 /* IPizza.xcdatamodel */;
			path = IPizza.xcdatamodeld;
			sourceTree = "<group>";
			versionGroupType = wrapper.xcdatamodel;
		};
/* End XCVersionGroup section */
	};
	rootObject = 13D1959E227CF4D800E0B8F0 /* Project object */;
}
